{
  "name": "smartdi",
  "version": "0.0.1",
  "lockfileVersion": 1,
  "requires": true,
  "dependencies": {
    "@types/node": {
      "version": "15.0.1",
      "resolved": "https://registry.npmjs.org/@types/node/-/node-15.0.1.tgz",
      "integrity": "sha512-TMkXt0Ck1y0KKsGr9gJtWGjttxlZnnvDtphxUOSd0bfaR6Q1jle+sPvrzNR1urqYTWMinoKvjKfXUGsumaO1PA==",
      "dev": true
    },
    "@types/require-all": {
      "version": "3.0.1",
      "resolved": "https://registry.npmjs.org/@types/require-all/-/require-all-3.0.1.tgz",
      "integrity": "sha512-TY2iv715M67FOSh8K9XYiRv6bA1m5SvtqEwBdY1Cs3GxMPQQQgVk7quFMCchH7yGaIHYJjk9u2i9DLLHkbUNYw==",
      "dev": true
    },
    "reflect-metadata": {
      "version": "0.1.13",
      "resolved": "https://registry.npmjs.org/reflect-metadata/-/reflect-metadata-0.1.13.tgz",
      "integrity": "sha512-Ts1Y/anZELhSsjMcU605fU9RE4Oi3p5ORujwbIKXfWa+0Zxs510Qrmrce5/Jowq3cHSZSJqBjypxmHarc+vEWg=="
    },
    "require-all": {
      "version": "3.0.0",
      "resolved": "https://registry.npmjs.org/require-all/-/require-all-3.0.0.tgz",
      "integrity": "sha1-Rz1JcEvjEBFc4ST3c4Ox69hnExI="
    }
  }
}
